
Microsoft Visual Studio Solution File, Format Version 12.00
# Visual Studio Version 16
VisualStudioVersion = 16.0.30611.23
MinimumVisualStudioVersion = 10.0.40219.1
Project("{FAE04EC0-301F-11D3-BF4B-00C04F79EFBC}") = "CollegeManagementSystem", "CollegeManagementSystem\CollegeManagementSystem.csproj", "{A2DB4995-EFC2-454B-9EA5-4B285044104E}"
EndProject
Global
	GlobalSection(SolutionConfigurationPlatforms) = preSolution
		Debug|Any CPU = Debug|Any CPU
		Release|Any CPU = Release|Any CPU
	EndGlobalSection
	GlobalSection(ProjectConfigurationPlatforms) = postSolution
		{A2DB4995-EFC2-454B-9EA5-4B285044104E}.Debug|Any CPU.ActiveCfg = Debug|Any CPU
		{A2DB4995-EFC2-454B-9EA5-4B285044104E}.Debug|Any CPU.Build.0 = Debug|Any CPU
		{A2DB4995-EFC2-454B-9EA5-4B285044104E}.Release|Any CPU.ActiveCfg = Release|Any CPU
		{A2DB4995-EFC2-454B-9EA5-4B285044104E}.Release|Any CPU.Build.0 = Release|Any CPU
	EndGlobalSection
	GlobalSection(SolutionProperties) = preSolution
		HideSolutionNode = FALSE
	EndGlobalSection
	GlobalSection(ExtensibilityGlobals) = postSolution
		SolutionGuid = {7F3F994C-FC0F-434C-9605-B802306B7C9B}
	EndGlobalSection
EndGlobal
