
Microsoft Visual Studio Solution File, Format Version 12.00
# Visual Studio Version 16
VisualStudioVersion = 16.0.30611.23
MinimumVisualStudioVersion = 10.0.40219.1
Project("{FAE04EC0-301F-11D3-BF4B-00C04F79EFBC}") = "contactform1", "contactform1\contactform1.csproj", "{34D25F1B-58E3-49E4-B70B-C8FBFF82CF32}"
EndProject
Global
	GlobalSection(SolutionConfigurationPlatforms) = preSolution
		Debug|Any CPU = Debug|Any CPU
		Release|Any CPU = Release|Any CPU
	EndGlobalSection
	GlobalSection(ProjectConfigurationPlatforms) = postSolution
		{34D25F1B-58E3-49E4-B70B-C8FBFF82CF32}.Debug|Any CPU.ActiveCfg = Debug|Any CPU
		{34D25F1B-58E3-49E4-B70B-C8FBFF82CF32}.Debug|Any CPU.Build.0 = Debug|Any CPU
		{34D25F1B-58E3-49E4-B70B-C8FBFF82CF32}.Release|Any CPU.ActiveCfg = Release|Any CPU
		{34D25F1B-58E3-49E4-B70B-C8FBFF82CF32}.Release|Any CPU.Build.0 = Release|Any CPU
	EndGlobalSection
	GlobalSection(SolutionProperties) = preSolution
		HideSolutionNode = FALSE
	EndGlobalSection
	GlobalSection(ExtensibilityGlobals) = postSolution
		SolutionGuid = {7D8EAC47-EAFB-4AFE-BDA9-C7F1A72548EF}
	EndGlobalSection
EndGlobal
